// !$*UTF8*$!
{
	archiveVersion = 1;
	classes = {
	};
	objectVersion = 46;
	objects = {

/* Begin PBXBuildFile section */
		0C216DFC19AFF54300FAF69F /* thread-1.jpg in Resources */ = {isa = PBXBuildFile; fileRef = 0C216DF919AFF54300FAF69F /* thread-1.jpg */; };
		0C216DFD19AFF54300FAF69F /* thread-2.jpg in Resources */ = {isa = PBXBuildFile; fileRef = 0C216DFA19AFF54300FAF69F /* thread-2.jpg */; };
		0C216DFE19AFF54300FAF69F /* thread-3.jpg in Resources */ = {isa = PBXBuildFile; fileRef = 0C216DFB19AFF54300FAF69F /* thread-3.jpg */; };
		0C216E0019B0763900FAF69F /* profile.png in Resources */ = {isa = PBXBuildFile; fileRef = 0C216DFF19B0763900FAF69F /* profile.png */; };
		0C216E0319B07D8D00FAF69F /* CircleProfileImageView.m in Sources */ = {isa = PBXBuildFile; fileRef = 0C216E0219B07D8D00FAF69F /* CircleProfileImageView.m */; };
		0C80596319AB97D70066C202 /* SwipeToPeepCell.m in Sources */ = {isa = PBXBuildFile; fileRef = 0C80596219AB97D70066C202 /* SwipeToPeepCell.m */; };
		0C82F7BD19AB5ECF00BD7259 /* Foundation.framework in Frameworks */ = {isa = PBXBuildFile; fileRef = 0C82F7BC19AB5ECF00BD7259 /* Foundation.framework */; };
		0C82F7BF19AB5ECF00BD7259 /* CoreGraphics.framework in Frameworks */ = {isa = PBXBuildFile; fileRef = 0C82F7BE19AB5ECF00BD7259 /* CoreGraphics.framework */; };
		0C82F7C119AB5ECF00BD7259 /* UIKit.framework in Frameworks */ = {isa = PBXBuildFile; fileRef = 0C82F7C019AB5ECF00BD7259 /* UIKit.framework */; };
		0C82F7C719AB5ECF00BD7259 /* InfoPlist.strings in Resources */ = {isa = PBXBuildFile; fileRef = 0C82F7C519AB5ECF00BD7259 /* InfoPlist.strings */; };
		0C82F7C919AB5ECF00BD7259 /* main.m in Sources */ = {isa = PBXBuildFile; fileRef = 0C82F7C819AB5ECF00BD7259 /* main.m */; };
		0C82F7CD19AB5ECF00BD7259 /* AppDelegate.m in Sources */ = {isa = PBXBuildFile; fileRef = 0C82F7CC19AB5ECF00BD7259 /* AppDelegate.m */; };
		0C82F7D019AB5ECF00BD7259 /* Main_iPhone.storyboard in Resources */ = {isa = PBXBuildFile; fileRef = 0C82F7CE19AB5ECF00BD7259 /* Main_iPhone.storyboard */; };
		0C82F7D619AB5ECF00BD7259 /* ViewController.m in Sources */ = {isa = PBXBuildFile; fileRef = 0C82F7D519AB5ECF00BD7259 /* ViewController.m */; };
		0C82F7D819AB5ECF00BD7259 /* Images.xcassets in Resources */ = {isa = PBXBuildFile; fileRef = 0C82F7D719AB5ECF00BD7259 /* Images.xcassets */; };
		0C82F7DF19AB5ECF00BD7259 /* XCTest.framework in Frameworks */ = {isa = PBXBuildFile; fileRef = 0C82F7DE19AB5ECF00BD7259 /* XCTest.framework */; };
		0C82F7E019AB5ECF00BD7259 /* Foundation.framework in Frameworks */ = {isa = PBXBuildFile; fileRef = 0C82F7BC19AB5ECF00BD7259 /* Foundation.framework */; };
		0C82F7E119AB5ECF00BD7259 /* UIKit.framework in Frameworks */ = {isa = PBXBuildFile; fileRef = 0C82F7C019AB5ECF00BD7259 /* UIKit.framework */; };
		0C82F7E919AB5ED000BD7259 /* InfoPlist.strings in Resources */ = {isa = PBXBuildFile; fileRef = 0C82F7E719AB5ED000BD7259 /* InfoPlist.strings */; };
		0C82F7EB19AB5ED000BD7259 /* swipeToPeepTests.m in Sources */ = {isa = PBXBuildFile; fileRef = 0C82F7EA19AB5ED000BD7259 /* swipeToPeepTests.m */; };
		0C9A0CFC19AB66D800AE69A1 /* Twitter.framework in Frameworks */ = {isa = PBXBuildFile; fileRef = 0C9A0CFB19AB66D800AE69A1 /* Twitter.framework */; };
		0C9A0CFE19AB670400AE69A1 /* Accounts.framework in Frameworks */ = {isa = PBXBuildFile; fileRef = 0C9A0CFD19AB670400AE69A1 /* Accounts.framework */; };
		0CF881B619ABBAF600C4D76C /* HNPostView.m in Sources */ = {isa = PBXBuildFile; fileRef = 0CF881B519ABBAF600C4D76C /* HNPostView.m */; };
		69D7403613064E419C79C717 /* libPods.a in Frameworks */ = {isa = PBXBuildFile; fileRef = 5E6E057659E14BF9B56D644D /* libPods.a */; };
/* End PBXBuildFile section */

/* Begin PBXContainerItemProxy section */
		0C82F7E219AB5ED000BD7259 /* PBXContainerItemProxy */ = {
			isa = PBXContainerItemProxy;
			containerPortal = 0C82F7B119AB5ECF00BD7259 /* Project object */;
			proxyType = 1;
			remoteGlobalIDString = 0C82F7B819AB5ECF00BD7259;
			remoteInfo = swipeToPeep;
		};
/* End PBXContainerItemProxy section */

/* Begin PBXFileReference section */
		0C216DF919AFF54300FAF69F /* thread-1.jpg */ = {isa = PBXFileReference; lastKnownFileType = image.jpeg; path = "thread-1.jpg"; sourceTree = "<group>"; };
		0C216DFA19AFF54300FAF69F /* thread-2.jpg */ = {isa = PBXFileReference; lastKnownFileType = image.jpeg; path = "thread-2.jpg"; sourceTree = "<group>"; };
		0C216DFB19AFF54300FAF69F /* thread-3.jpg */ = {isa = PBXFileReference; lastKnownFileType = image.jpeg; path = "thread-3.jpg"; sourceTree = "<group>"; };
		0C216DFF19B0763900FAF69F /* profile.png */ = {isa = PBXFileReference; lastKnownFileType = image.png; path = profile.png; sourceTree = "<group>"; };
		0C216E0119B07D8D00FAF69F /* CircleProfileImageView.h */ = {isa = PBXFileReference; fileEncoding = 4; lastKnownFileType = sourcecode.c.h; name = CircleProfileImageView.h; path = SwipeToPeep/CircleProfileImageView.h; sourceTree = SOURCE_ROOT; };
		0C216E0219B07D8D00FAF69F /* CircleProfileImageView.m */ = {isa = PBXFileReference; fileEncoding = 4; lastKnownFileType = sourcecode.c.objc; name = CircleProfileImageView.m; path = SwipeToPeep/CircleProfileImageView.m; sourceTree = SOURCE_ROOT; };
		0C80596119AB97D70066C202 /* SwipeToPeepCell.h */ = {isa = PBXFileReference; fileEncoding = 4; lastKnownFileType = sourcecode.c.h; path = SwipeToPeepCell.h; sourceTree = "<group>"; };
		0C80596219AB97D70066C202 /* SwipeToPeepCell.m */ = {isa = PBXFileReference; fileEncoding = 4; lastKnownFileType = sourcecode.c.objc; path = SwipeToPeepCell.m; sourceTree = "<group>"; };
		0C82F7B919AB5ECF00BD7259 /* SwipeToPeep.app */ = {isa = PBXFileReference; explicitFileType = wrapper.application; includeInIndex = 0; path = SwipeToPeep.app; sourceTree = BUILT_PRODUCTS_DIR; };
		0C82F7BC19AB5ECF00BD7259 /* Foundation.framework */ = {isa = PBXFileReference; lastKnownFileType = wrapper.framework; name = Foundation.framework; path = System/Library/Frameworks/Foundation.framework; sourceTree = SDKROOT; };
		0C82F7BE19AB5ECF00BD7259 /* CoreGraphics.framework */ = {isa = PBXFileReference; lastKnownFileType = wrapper.framework; name = CoreGraphics.framework; path = System/Library/Frameworks/CoreGraphics.framework; sourceTree = SDKROOT; };
		0C82F7C019AB5ECF00BD7259 /* UIKit.framework */ = {isa = PBXFileReference; lastKnownFileType = wrapper.framework; name = UIKit.framework; path = System/Library/Frameworks/UIKit.framework; sourceTree = SDKROOT; };
		0C82F7C419AB5ECF00BD7259 /* SwipeToPeep.temp_caseinsensitive_rename-Info.plist */ = {isa = PBXFileReference; lastKnownFileType = text.plist.xml; path = "SwipeToPeep.temp_caseinsensitive_rename-Info.plist"; sourceTree = "<group>"; };
		0C82F7C619AB5ECF00BD7259 /* en */ = {isa = PBXFileReference; lastKnownFileType = text.plist.strings; name = en; path = en.lproj/InfoPlist.strings; sourceTree = "<group>"; };
		0C82F7C819AB5ECF00BD7259 /* main.m */ = {isa = PBXFileReference; lastKnownFileType = sourcecode.c.objc; path = main.m; sourceTree = "<group>"; };
		0C82F7CA19AB5ECF00BD7259 /* SwipeToPeep.temp_caseinsensitive_rename-Prefix.pch */ = {isa = PBXFileReference; lastKnownFileType = sourcecode.c.h; path = "SwipeToPeep.temp_caseinsensitive_rename-Prefix.pch"; sourceTree = "<group>"; };
		0C82F7CB19AB5ECF00BD7259 /* AppDelegate.h */ = {isa = PBXFileReference; lastKnownFileType = sourcecode.c.h; path = AppDelegate.h; sourceTree = "<group>"; };
		0C82F7CC19AB5ECF00BD7259 /* AppDelegate.m */ = {isa = PBXFileReference; lastKnownFileType = sourcecode.c.objc; path = AppDelegate.m; sourceTree = "<group>"; };
		0C82F7CF19AB5ECF00BD7259 /* Base */ = {isa = PBXFileReference; lastKnownFileType = file.storyboard; name = Base; path = Base.lproj/Main_iPhone.storyboard; sourceTree = "<group>"; };
		0C82F7D419AB5ECF00BD7259 /* ViewController.h */ = {isa = PBXFileReference; lastKnownFileType = sourcecode.c.h; path = ViewController.h; sourceTree = "<group>"; };
		0C82F7D519AB5ECF00BD7259 /* ViewController.m */ = {isa = PBXFileReference; lastKnownFileType = sourcecode.c.objc; path = ViewController.m; sourceTree = "<group>"; };
		0C82F7D719AB5ECF00BD7259 /* Images.xcassets */ = {isa = PBXFileReference; lastKnownFileType = folder.assetcatalog; path = Images.xcassets; sourceTree = "<group>"; };
		0C82F7DD19AB5ECF00BD7259 /* SwipeToPeepTests.xctest */ = {isa = PBXFileReference; explicitFileType = wrapper.cfbundle; includeInIndex = 0; path = SwipeToPeepTests.xctest; sourceTree = BUILT_PRODUCTS_DIR; };
		0C82F7DE19AB5ECF00BD7259 /* XCTest.framework */ = {isa = PBXFileReference; lastKnownFileType = wrapper.framework; name = XCTest.framework; path = Library/Frameworks/XCTest.framework; sourceTree = DEVELOPER_DIR; };
		0C82F7E619AB5ED000BD7259 /* SwipeToPeep.temp_caseinsensitive_renameTests-Info.plist */ = {isa = PBXFileReference; lastKnownFileType = text.plist.xml; path = "SwipeToPeep.temp_caseinsensitive_renameTests-Info.plist"; sourceTree = "<group>"; };
		0C82F7E819AB5ED000BD7259 /* en */ = {isa = PBXFileReference; lastKnownFileType = text.plist.strings; name = en; path = en.lproj/InfoPlist.strings; sourceTree = "<group>"; };
		0C82F7EA19AB5ED000BD7259 /* swipeToPeepTests.m */ = {isa = PBXFileReference; lastKnownFileType = sourcecode.c.objc; path = swipeToPeepTests.m; sourceTree = "<group>"; };
		0C9A0CFB19AB66D800AE69A1 /* Twitter.framework */ = {isa = PBXFileReference; lastKnownFileType = wrapper.framework; name = Twitter.framework; path = System/Library/Frameworks/Twitter.framework; sourceTree = SDKROOT; };
		0C9A0CFD19AB670400AE69A1 /* Accounts.framework */ = {isa = PBXFileReference; lastKnownFileType = wrapper.framework; name = Accounts.framework; path = System/Library/Frameworks/Accounts.framework; sourceTree = SDKROOT; };
		0CF881B419ABBAF600C4D76C /* HNPostView.h */ = {isa = PBXFileReference; fileEncoding = 4; lastKnownFileType = sourcecode.c.h; path = HNPostView.h; sourceTree = "<group>"; };
		0CF881B519ABBAF600C4D76C /* HNPostView.m */ = {isa = PBXFileReference; fileEncoding = 4; lastKnownFileType = sourcecode.c.objc; path = HNPostView.m; sourceTree = "<group>"; };
		5E6E057659E14BF9B56D644D /* libPods.a */ = {isa = PBXFileReference; explicitFileType = archive.ar; includeInIndex = 0; path = libPods.a; sourceTree = BUILT_PRODUCTS_DIR; };
		7469D0AAB160418D822CA244 /* Pods.xcconfig */ = {isa = PBXFileReference; includeInIndex = 1; lastKnownFileType = text.xcconfig; name = Pods.xcconfig; path = Pods/Pods.xcconfig; sourceTree = "<group>"; };
/* End PBXFileReference section */

/* Begin PBXFrameworksBuildPhase section */
		0C82F7B619AB5ECF00BD7259 /* Frameworks */ = {
			isa = PBXFrameworksBuildPhase;
			buildActionMask = 2147483647;
			files = (
				0C9A0CFE19AB670400AE69A1 /* Accounts.framework in Frameworks */,
				0C9A0CFC19AB66D800AE69A1 /* Twitter.framework in Frameworks */,
				0C82F7BF19AB5ECF00BD7259 /* CoreGraphics.framework in Frameworks */,
				0C82F7C119AB5ECF00BD7259 /* UIKit.framework in Frameworks */,
				0C82F7BD19AB5ECF00BD7259 /* Foundation.framework in Frameworks */,
				69D7403613064E419C79C717 /* libPods.a in Frameworks */,
			);
			runOnlyForDeploymentPostprocessing = 0;
		};
		0C82F7DA19AB5ECF00BD7259 /* Frameworks */ = {
			isa = PBXFrameworksBuildPhase;
			buildActionMask = 2147483647;
			files = (
				0C82F7DF19AB5ECF00BD7259 /* XCTest.framework in Frameworks */,
				0C82F7E119AB5ECF00BD7259 /* UIKit.framework in Frameworks */,
				0C82F7E019AB5ECF00BD7259 /* Foundation.framework in Frameworks */,
			);
			runOnlyForDeploymentPostprocessing = 0;
		};
/* End PBXFrameworksBuildPhase section */

/* Begin PBXGroup section */
		0C2C707819AD3BF500C51E56 /* ViewControllers */ = {
			isa = PBXGroup;
			children = (
				0CF881B419ABBAF600C4D76C /* HNPostView.h */,
				0CF881B519ABBAF600C4D76C /* HNPostView.m */,
				0C82F7D419AB5ECF00BD7259 /* ViewController.h */,
				0C82F7D519AB5ECF00BD7259 /* ViewController.m */,
			);
			name = ViewControllers;
			sourceTree = "<group>";
		};
		0C82F7B019AB5ECF00BD7259 = {
			isa = PBXGroup;
			children = (
				0C82F7C219AB5ECF00BD7259 /* SwipeToPeep */,
				0C82F7E419AB5ED000BD7259 /* SwipeToPeepTests */,
				0C82F7BB19AB5ECF00BD7259 /* Frameworks */,
				0C82F7BA19AB5ECF00BD7259 /* Products */,
				7469D0AAB160418D822CA244 /* Pods.xcconfig */,
			);
			sourceTree = "<group>";
		};
		0C82F7BA19AB5ECF00BD7259 /* Products */ = {
			isa = PBXGroup;
			children = (
				0C82F7B919AB5ECF00BD7259 /* SwipeToPeep.app */,
				0C82F7DD19AB5ECF00BD7259 /* SwipeToPeepTests.xctest */,
			);
			name = Products;
			sourceTree = "<group>";
		};
		0C82F7BB19AB5ECF00BD7259 /* Frameworks */ = {
			isa = PBXGroup;
			children = (
				0C9A0CFD19AB670400AE69A1 /* Accounts.framework */,
				0C9A0CFB19AB66D800AE69A1 /* Twitter.framework */,
				0C82F7BC19AB5ECF00BD7259 /* Foundation.framework */,
				0C82F7BE19AB5ECF00BD7259 /* CoreGraphics.framework */,
				0C82F7C019AB5ECF00BD7259 /* UIKit.framework */,
				0C82F7DE19AB5ECF00BD7259 /* XCTest.framework */,
				5E6E057659E14BF9B56D644D /* libPods.a */,
			);
			name = Frameworks;
			sourceTree = "<group>";
		};
		0C82F7C219AB5ECF00BD7259 /* SwipeToPeep */ = {
			isa = PBXGroup;
			children = (
				0C216DF919AFF54300FAF69F /* thread-1.jpg */,
				0C216DFA19AFF54300FAF69F /* thread-2.jpg */,
				0C216DFB19AFF54300FAF69F /* thread-3.jpg */,
				0C216DFF19B0763900FAF69F /* profile.png */,
				0C80596119AB97D70066C202 /* SwipeToPeepCell.h */,
				0C80596219AB97D70066C202 /* SwipeToPeepCell.m */,
				0C216E0119B07D8D00FAF69F /* CircleProfileImageView.h */,
				0C216E0219B07D8D00FAF69F /* CircleProfileImageView.m */,
				0C82F7CE19AB5ECF00BD7259 /* Main_iPhone.storyboard */,
				0C2C707819AD3BF500C51E56 /* ViewControllers */,
				0C82F7D719AB5ECF00BD7259 /* Images.xcassets */,
				0C82F7C319AB5ECF00BD7259 /* Supporting Files */,
			);
			name = SwipeToPeep;
			path = swipeToPeep;
			sourceTree = "<group>";
		};
		0C82F7C319AB5ECF00BD7259 /* Supporting Files */ = {
			isa = PBXGroup;
			children = (
				0C82F7CB19AB5ECF00BD7259 /* AppDelegate.h */,
				0C82F7CC19AB5ECF00BD7259 /* AppDelegate.m */,
				0C82F7C419AB5ECF00BD7259 /* SwipeToPeep.temp_caseinsensitive_rename-Info.plist */,
				0C82F7C519AB5ECF00BD7259 /* InfoPlist.strings */,
				0C82F7C819AB5ECF00BD7259 /* main.m */,
				0C82F7CA19AB5ECF00BD7259 /* SwipeToPeep.temp_caseinsensitive_rename-Prefix.pch */,
			);
			name = "Supporting Files";
			sourceTree = "<group>";
		};
		0C82F7E419AB5ED000BD7259 /* SwipeToPeepTests */ = {
			isa = PBXGroup;
			children = (
				0C82F7EA19AB5ED000BD7259 /* swipeToPeepTests.m */,
				0C82F7E519AB5ED000BD7259 /* Supporting Files */,
			);
			name = SwipeToPeepTests;
			path = swipeToPeepTests;
			sourceTree = "<group>";
		};
		0C82F7E519AB5ED000BD7259 /* Supporting Files */ = {
			isa = PBXGroup;
			children = (
				0C82F7E619AB5ED000BD7259 /* SwipeToPeep.temp_caseinsensitive_renameTests-Info.plist */,
				0C82F7E719AB5ED000BD7259 /* InfoPlist.strings */,
			);
			name = "Supporting Files";
			sourceTree = "<group>";
		};
/* End PBXGroup section */

/* Begin PBXNativeTarget section */
		0C82F7B819AB5ECF00BD7259 /* SwipeToPeep */ = {
			isa = PBXNativeTarget;
			buildConfigurationList = 0C82F7EE19AB5ED000BD7259 /* Build configuration list for PBXNativeTarget "SwipeToPeep" */;
			buildPhases = (
				2CF0CF7F8452482BAB7FD96E /* Check Pods Manifest.lock */,
				0C82F7B519AB5ECF00BD7259 /* Sources */,
				0C82F7B619AB5ECF00BD7259 /* Frameworks */,
				0C82F7B719AB5ECF00BD7259 /* Resources */,
				5790F6A86964433CAED1C376 /* Copy Pods Resources */,
			);
			buildRules = (
			);
			dependencies = (
			);
			name = SwipeToPeep;
			productName = swipeToPeep;
			productReference = 0C82F7B919AB5ECF00BD7259 /* SwipeToPeep.app */;
			productType = "com.apple.product-type.application";
		};
		0C82F7DC19AB5ECF00BD7259 /* SwipeToPeepTests */ = {
			isa = PBXNativeTarget;
			buildConfigurationList = 0C82F7F119AB5ED000BD7259 /* Build configuration list for PBXNativeTarget "SwipeToPeepTests" */;
			buildPhases = (
				0C82F7D919AB5ECF00BD7259 /* Sources */,
				0C82F7DA19AB5ECF00BD7259 /* Frameworks */,
				0C82F7DB19AB5ECF00BD7259 /* Resources */,
			);
			buildRules = (
			);
			dependencies = (
				0C82F7E319AB5ED000BD7259 /* PBXTargetDependency */,
			);
			name = SwipeToPeepTests;
			productName = swipeToPeepTests;
			productReference = 0C82F7DD19AB5ECF00BD7259 /* SwipeToPeepTests.xctest */;
			productType = "com.apple.product-type.bundle.unit-test";
		};
/* End PBXNativeTarget section */

/* Begin PBXProject section */
		0C82F7B119AB5ECF00BD7259 /* Project object */ = {
			isa = PBXProject;
			attributes = {
				LastUpgradeCheck = 0510;
				ORGANIZATIONNAME = itchingpixels;
				TargetAttributes = {
					0C82F7DC19AB5ECF00BD7259 = {
						TestTargetID = 0C82F7B819AB5ECF00BD7259;
					};
				};
			};
			buildConfigurationList = 0C82F7B419AB5ECF00BD7259 /* Build configuration list for PBXProject "SwipeToPeep" */;
			compatibilityVersion = "Xcode 3.2";
			developmentRegion = English;
			hasScannedForEncodings = 0;
			knownRegions = (
				en,
				Base,
			);
			mainGroup = 0C82F7B019AB5ECF00BD7259;
			productRefGroup = 0C82F7BA19AB5ECF00BD7259 /* Products */;
			projectDirPath = "";
			projectRoot = "";
			targets = (
				0C82F7B819AB5ECF00BD7259 /* SwipeToPeep */,
				0C82F7DC19AB5ECF00BD7259 /* SwipeToPeepTests */,
			);
		};
/* End PBXProject section */

/* Begin PBXResourcesBuildPhase section */
		0C82F7B719AB5ECF00BD7259 /* Resources */ = {
			isa = PBXResourcesBuildPhase;
			buildActionMask = 2147483647;
			files = (
				0C82F7D819AB5ECF00BD7259 /* Images.xcassets in Resources */,
				0C216DFD19AFF54300FAF69F /* thread-2.jpg in Resources */,
				0C216DFC19AFF54300FAF69F /* thread-1.jpg in Resources */,
				0C82F7D019AB5ECF00BD7259 /* Main_iPhone.storyboard in Resources */,
				0C82F7C719AB5ECF00BD7259 /* InfoPlist.strings in Resources */,
				0C216DFE19AFF54300FAF69F /* thread-3.jpg in Resources */,
				0C216E0019B0763900FAF69F /* profile.png in Resources */,
			);
			runOnlyForDeploymentPostprocessing = 0;
		};
		0C82F7DB19AB5ECF00BD7259 /* Resources */ = {
			isa = PBXResourcesBuildPhase;
			buildActionMask = 2147483647;
			files = (
				0C82F7E919AB5ED000BD7259 /* InfoPlist.strings in Resources */,
			);
			runOnlyForDeploymentPostprocessing = 0;
		};
/* End PBXResourcesBuildPhase section */

/* Begin PBXShellScriptBuildPhase section */
		2CF0CF7F8452482BAB7FD96E /* Check Pods Manifest.lock */ = {
			isa = PBXShellScriptBuildPhase;
			buildActionMask = 2147483647;
			files = (
			);
			inputPaths = (
			);
			name = "Check Pods Manifest.lock";
			outputPaths = (
			);
			runOnlyForDeploymentPostprocessing = 0;
			shellPath = /bin/sh;
			shellScript = "diff \"${PODS_ROOT}/../Podfile.lock\" \"${PODS_ROOT}/Manifest.lock\" > /dev/null\nif [[ $? != 0 ]] ; then\n    cat << EOM\nerror: The sandbox is not in sync with the Podfile.lock. Run 'pod install' or update your CocoaPods installation.\nEOM\n    exit 1\nfi\n";
			showEnvVarsInLog = 0;
		};
		5790F6A86964433CAED1C376 /* Copy Pods Resources */ = {
			isa = PBXShellScriptBuildPhase;
			buildActionMask = 2147483647;
			files = (
			);
			inputPaths = (
			);
			name = "Copy Pods Resources";
			outputPaths = (
			);
			runOnlyForDeploymentPostprocessing = 0;
			shellPath = /bin/sh;
			shellScript = "\"${SRCROOT}/Pods/Pods-resources.sh\"\n";
			showEnvVarsInLog = 0;
		};
/* End PBXShellScriptBuildPhase section */

/* Begin PBXSourcesBuildPhase section */
		0C82F7B519AB5ECF00BD7259 /* Sources */ = {
			isa = PBXSourcesBuildPhase;
			buildActionMask = 2147483647;
			files = (
				0C82F7D619AB5ECF00BD7259 /* ViewController.m in Sources */,
				0C82F7CD19AB5ECF00BD7259 /* AppDelegate.m in Sources */,
				0CF881B619ABBAF600C4D76C /* HNPostView.m in Sources */,
				0C80596319AB97D70066C202 /* SwipeToPeepCell.m in Sources */,
				0C216E0319B07D8D00FAF69F /* CircleProfileImageView.m in Sources */,
				0C82F7C919AB5ECF00BD7259 /* main.m in Sources */,
			);
			runOnlyForDeploymentPostprocessing = 0;
		};
		0C82F7D919AB5ECF00BD7259 /* Sources */ = {
			isa = PBXSourcesBuildPhase;
			buildActionMask = 2147483647;
			files = (
				0C82F7EB19AB5ED000BD7259 /* swipeToPeepTests.m in Sources */,
			);
			runOnlyForDeploymentPostprocessing = 0;
		};
/* End PBXSourcesBuildPhase section */

/* Begin PBXTargetDependency section */
		0C82F7E319AB5ED000BD7259 /* PBXTargetDependency */ = {
			isa = PBXTargetDependency;
			target = 0C82F7B819AB5ECF00BD7259 /* SwipeToPeep */;
			targetProxy = 0C82F7E219AB5ED000BD7259 /* PBXContainerItemProxy */;
		};
/* End PBXTargetDependency section */

/* Begin PBXVariantGroup section */
		0C82F7C519AB5ECF00BD7259 /* InfoPlist.strings */ = {
			isa = PBXVariantGroup;
			children = (
				0C82F7C619AB5ECF00BD7259 /* en */,
			);
			name = InfoPlist.strings;
			sourceTree = "<group>";
		};
		0C82F7CE19AB5ECF00BD7259 /* Main_iPhone.storyboard */ = {
			isa = PBXVariantGroup;
			children = (
				0C82F7CF19AB5ECF00BD7259 /* Base */,
			);
			name = Main_iPhone.storyboard;
			sourceTree = "<group>";
		};
		0C82F7E719AB5ED000BD7259 /* InfoPlist.strings */ = {
			isa = PBXVariantGroup;
			children = (
				0C82F7E819AB5ED000BD7259 /* en */,
			);
			name = InfoPlist.strings;
			sourceTree = "<group>";
		};
/* End PBXVariantGroup section */

/* Begin XCBuildConfiguration section */
		0C82F7EC19AB5ED000BD7259 /* Debug */ = {
			isa = XCBuildConfiguration;
			buildSettings = {
				ALWAYS_SEARCH_USER_PATHS = NO;
				CLANG_CXX_LANGUAGE_STANDARD = "gnu++0x";
				CLANG_CXX_LIBRARY = "libc++";
				CLANG_ENABLE_MODULES = YES;
				CLANG_ENABLE_OBJC_ARC = YES;
				CLANG_WARN_BOOL_CONVERSION = YES;
				CLANG_WARN_CONSTANT_CONVERSION = YES;
				CLANG_WARN_DIRECT_OBJC_ISA_USAGE = YES_ERROR;
				CLANG_WARN_EMPTY_BODY = YES;
				CLANG_WARN_ENUM_CONVERSION = YES;
				CLANG_WARN_INT_CONVERSION = YES;
				CLANG_WARN_OBJC_ROOT_CLASS = YES_ERROR;
				CLANG_WARN__DUPLICATE_METHOD_MATCH = YES;
				"CODE_SIGN_IDENTITY[sdk=iphoneos*]" = "iPhone Developer";
				COPY_PHASE_STRIP = NO;
				GCC_C_LANGUAGE_STANDARD = gnu99;
				GCC_DYNAMIC_NO_PIC = NO;
				GCC_OPTIMIZATION_LEVEL = 0;
				GCC_PREPROCESSOR_DEFINITIONS = (
					"DEBUG=1",
					"$(inherited)",
				);
				GCC_SYMBOLS_PRIVATE_EXTERN = NO;
				GCC_WARN_64_TO_32_BIT_CONVERSION = YES;
				GCC_WARN_ABOUT_RETURN_TYPE = YES_ERROR;
				GCC_WARN_UNDECLARED_SELECTOR = YES;
				GCC_WARN_UNINITIALIZED_AUTOS = YES_AGGRESSIVE;
				GCC_WARN_UNUSED_FUNCTION = YES;
				GCC_WARN_UNUSED_VARIABLE = YES;
				IPHONEOS_DEPLOYMENT_TARGET = 7.1;
				ONLY_ACTIVE_ARCH = YES;
				SDKROOT = iphoneos;
				TARGETED_DEVICE_FAMILY = "1,2";
			};
			name = Debug;
		};
		0C82F7ED19AB5ED000BD7259 /* Release */ = {
			isa = XCBuildConfiguration;
			buildSettings = {
				ALWAYS_SEARCH_USER_PATHS = NO;
				CLANG_CXX_LANGUAGE_STANDARD = "gnu++0x";
				CLANG_CXX_LIBRARY = "libc++";
				CLANG_ENABLE_MODULES = YES;
				CLANG_ENABLE_OBJC_ARC = YES;
				CLANG_WARN_BOOL_CONVERSION = YES;
				CLANG_WARN_CONSTANT_CONVERSION = YES;
				CLANG_WARN_DIRECT_OBJC_ISA_USAGE = YES_ERROR;
				CLANG_WARN_EMPTY_BODY = YES;
				CLANG_WARN_ENUM_CONVERSION = YES;
				CLANG_WARN_INT_CONVERSION = YES;
				CLANG_WARN_OBJC_ROOT_CLASS = YES_ERROR;
				CLANG_WARN__DUPLICATE_METHOD_MATCH = YES;
				"CODE_SIGN_IDENTITY[sdk=iphoneos*]" = "iPhone Developer";
				COPY_PHASE_STRIP = YES;
				ENABLE_NS_ASSERTIONS = NO;
				GCC_C_LANGUAGE_STANDARD = gnu99;
				GCC_WARN_64_TO_32_BIT_CONVERSION = YES;
				GCC_WARN_ABOUT_RETURN_TYPE = YES_ERROR;
				GCC_WARN_UNDECLARED_SELECTOR = YES;
				GCC_WARN_UNINITIALIZED_AUTOS = YES_AGGRESSIVE;
				GCC_WARN_UNUSED_FUNCTION = YES;
				GCC_WARN_UNUSED_VARIABLE = YES;
				IPHONEOS_DEPLOYMENT_TARGET = 7.1;
				SDKROOT = iphoneos;
				TARGETED_DEVICE_FAMILY = "1,2";
				VALIDATE_PRODUCT = YES;
			};
			name = Release;
		};
		0C82F7EF19AB5ED000BD7259 /* Debug */ = {
			isa = XCBuildConfiguration;
			baseConfigurationReference = 7469D0AAB160418D822CA244 /* Pods.xcconfig */;
			buildSettings = {
				ASSETCATALOG_COMPILER_APPICON_NAME = AppIcon;
				ASSETCATALOG_COMPILER_LAUNCHIMAGE_NAME = LaunchImage;
				GCC_PRECOMPILE_PREFIX_HEADER = YES;
				GCC_PREFIX_HEADER = "swipeToPeep/SwipeToPeep-Prefix.pch";
				INFOPLIST_FILE = "swipeToPeep/SwipeToPeep-Info.plist";
				IPHONEOS_DEPLOYMENT_TARGET = 7.1;
				PRODUCT_NAME = SwipeToPeep;
				TARGETED_DEVICE_FAMILY = 1;
				WRAPPER_EXTENSION = app;
			};
			name = Debug;
		};
		0C82F7F019AB5ED000BD7259 /* Release */ = {
			isa = XCBuildConfiguration;
			baseConfigurationReference = 7469D0AAB160418D822CA244 /* Pods.xcconfig */;
			buildSettings = {
				ASSETCATALOG_COMPILER_APPICON_NAME = AppIcon;
				ASSETCATALOG_COMPILER_LAUNCHIMAGE_NAME = LaunchImage;
				GCC_PRECOMPILE_PREFIX_HEADER = YES;
				GCC_PREFIX_HEADER = "swipeToPeep/SwipeToPeep-Prefix.pch";
				INFOPLIST_FILE = "swipeToPeep/SwipeToPeep-Info.plist";
				IPHONEOS_DEPLOYMENT_TARGET = 7.1;
				PRODUCT_NAME = SwipeToPeep;
				TARGETED_DEVICE_FAMILY = 1;
				WRAPPER_EXTENSION = app;
			};
			name = Release;
		};
		0C82F7F219AB5ED000BD7259 /* Debug */ = {
			isa = XCBuildConfiguration;
			buildSettings = {
				BUNDLE_LOADER = "$(BUILT_PRODUCTS_DIR)/swipeToPeep.app/swipeToPeep";
				FRAMEWORK_SEARCH_PATHS = (
					"$(SDKROOT)/Developer/Library/Frameworks",
					"$(inherited)",
					"$(DEVELOPER_FRAMEWORKS_DIR)",
				);
				GCC_PRECOMPILE_PREFIX_HEADER = YES;
				GCC_PREFIX_HEADER = "swipeToPeep/swipeToPeep-Prefix.pch";
				GCC_PREPROCESSOR_DEFINITIONS = (
					"DEBUG=1",
					"$(inherited)",
				);
				INFOPLIST_FILE = "swipeToPeepTests/SwipeToPeep-Info.plist";
				PRODUCT_NAME = SwipeToPeepTests;
				TEST_HOST = "$(BUNDLE_LOADER)";
				WRAPPER_EXTENSION = xctest;
			};
			name = Debug;
		};
		0C82F7F319AB5ED000BD7259 /* Release */ = {
			isa = XCBuildConfiguration;
			buildSettings = {
				BUNDLE_LOADER = "$(BUILT_PRODUCTS_DIR)/swipeToPeep.app/swipeToPeep";
				FRAMEWORK_SEARCH_PATHS = (
					"$(SDKROOT)/Developer/Library/Frameworks",
					"$(inherited)",
					"$(DEVELOPER_FRAMEWORKS_DIR)",
				);
				GCC_PRECOMPILE_PREFIX_HEADER = YES;
				GCC_PREFIX_HEADER = "swipeToPeep/swipeToPeep-Prefix.pch";
				INFOPLIST_FILE = "swipeToPeepTests/SwipeToPeep-Info.plist";
				PRODUCT_NAME = SwipeToPeepTests;
				TEST_HOST = "$(BUNDLE_LOADER)";
				WRAPPER_EXTENSION = xctest;
			};
			name = Release;
		};
/* End XCBuildConfiguration section */

/* Begin XCConfigurationList section */
		0C82F7B419AB5ECF00BD7259 /* Build configuration list for PBXProject "SwipeToPeep" */ = {
			isa = XCConfigurationList;
			buildConfigurations = (
				0C82F7EC19AB5ED000BD7259 /* Debug */,
				0C82F7ED19AB5ED000BD7259 /* Release */,
			);
			defaultConfigurationIsVisible = 0;
			defaultConfigurationName = Release;
		};
		0C82F7EE19AB5ED000BD7259 /* Build configuration list for PBXNativeTarget "SwipeToPeep" */ = {
			isa = XCConfigurationList;
			buildConfigurations = (
				0C82F7EF19AB5ED000BD7259 /* Debug */,
				0C82F7F019AB5ED000BD7259 /* Release */,
			);
			defaultConfigurationIsVisible = 0;
			defaultConfigurationName = Release;
		};
		0C82F7F119AB5ED000BD7259 /* Build configuration list for PBXNativeTarget "SwipeToPeepTests" */ = {
			isa = XCConfigurationList;
			buildConfigurations = (
				0C82F7F219AB5ED000BD7259 /* Debug */,
				0C82F7F319AB5ED000BD7259 /* Release */,
			);
			defaultConfigurationIsVisible = 0;
			defaultConfigurationName = Release;
		};
/* End XCConfigurationList section */
	};
	rootObject = 0C82F7B119AB5ECF00BD7259 /* Project object */;
}
